
Microsoft Visual Studio Solution File, Format Version 12.00
# Visual Studio Version 17
VisualStudioVersion = 17.4.33213.308
MinimumVisualStudioVersion = 10.0.40219.1
Project("{9A19103F-16F7-4668-BE54-9A1E7A4F7556}") = "WpfAppClient1", "WpfAppClient1.csproj", "{7FB528AC-F6EC-4EB7-A40C-51154E24C95E}"
EndProject
Global
	GlobalSection(SolutionConfigurationPlatforms) = preSolution
		Debug|Any CPU = Debug|Any CPU
		Release|Any CPU = Release|Any CPU
	EndGlobalSection
	GlobalSection(ProjectConfigurationPlatforms) = postSolution
		{7FB528AC-F6EC-4EB7-A40C-51154E24C95E}.Debug|Any CPU.ActiveCfg = Debug|Any CPU
		{7FB528AC-F6EC-4EB7-A40C-51154E24C95E}.Debug|Any CPU.Build.0 = Debug|Any CPU
		{7FB528AC-F6EC-4EB7-A40C-51154E24C95E}.Release|Any CPU.ActiveCfg = Release|Any CPU
		{7FB528AC-F6EC-4EB7-A40C-51154E24C95E}.Release|Any CPU.Build.0 = Release|Any CPU
	EndGlobalSection
	GlobalSection(SolutionProperties) = preSolution
		HideSolutionNode = FALSE
	EndGlobalSection
	GlobalSection(ExtensibilityGlobals) = postSolution
		SolutionGuid = {0EA93339-63C4-4B45-B75A-75CA98859BDB}
	EndGlobalSection
EndGlobal
